// !$*UTF8*$!
{
	archiveVersion = 1;
	classes = {
	};
	objectVersion = 77;
	objects = {

/* Begin PBXBuildFile section */
		6C0801EF3002D0D40082F218 /* OxFordLookupShare.appex in Embed Foundation Extensions */ = {isa = PBXBuildFile; fileRef = 6C0801E53002D0D30082F218 /* OxFordLookupShare.appex */; platformFilter = ios; settings = {ATTRIBUTES = (RemoveHeadersOnCopy, ); }; };
		6C0801F63002E0000082F218 /* OxfordLookupURLBuilder.swift in Sources */ = {isa = PBXBuildFile; fileRef = 6C0801F93002E0000082F218 /* OxfordLookupURLBuilder.swift */; };
		6C0801F73002E0000082F218 /* OxfordLookupURLBuilder.swift in Sources */ = {isa = PBXBuildFile; fileRef = 6C0801F93002E0000082F218 /* OxfordLookupURLBuilder.swift */; };
		6C0801F83002E0000082F218 /* OxfordLookupURLBuilder.swift in Sources */ = {isa = PBXBuildFile; fileRef = 6C0801F93002E0000082F218 /* OxfordLookupURLBuilder.swift */; };
/* End PBXBuildFile section */

/* Begin PBXContainerItemProxy section */
		6C0801C53002C6750082F218 /* PBXContainerItemProxy */ = {
			isa = PBXContainerItemProxy;
			containerPortal = 6C0801AF3002C6740082F218 /* Project object */;
			proxyType = 1;
			remoteGlobalIDString = 6C0801B63002C6740082F218;
			remoteInfo = OxfordLookup;
		};
		6C0801CF3002C6750082F218 /* PBXContainerItemProxy */ = {
			isa = PBXContainerItemProxy;
			containerPortal = 6C0801AF3002C6740082F218 /* Project object */;
			proxyType = 1;
			remoteGlobalIDString = 6C0801B63002C6740082F218;
			remoteInfo = OxfordLookup;
		};
		6C0801ED3002D0D40082F218 /* PBXContainerItemProxy */ = {
			isa = PBXContainerItemProxy;
			containerPortal = 6C0801AF3002C6740082F218 /* Project object */;
			proxyType = 1;
			remoteGlobalIDString = 6C0801E43002D0D30082F218;
			remoteInfo = OxFordLookupShare;
		};
/* End PBXContainerItemProxy section */

/* Begin PBXCopyFilesBuildPhase section */
		6C0801F43002D0D40082F218 /* Embed Foundation Extensions */ = {
			isa = PBXCopyFilesBuildPhase;
			buildActionMask = 2147483647;
			dstPath = "";
			dstSubfolderSpec = 13;
			files = (
				6C0801EF3002D0D40082F218 /* OxFordLookupShare.appex in Embed Foundation Extensions */,
			);
			name = "Embed Foundation Extensions";
			runOnlyForDeploymentPostprocessing = 0;
		};
/* End PBXCopyFilesBuildPhase section */

/* Begin PBXFileReference section */
		6C0801B73002C6740082F218 /* OxfordLookup.app */ = {isa = PBXFileReference; explicitFileType = wrapper.application; includeInIndex = 0; path = OxfordLookup.app; sourceTree = BUILT_PRODUCTS_DIR; };
		6C0801C43002C6750082F218 /* OxfordLookupTests.xctest */ = {isa = PBXFileReference; explicitFileType = wrapper.cfbundle; includeInIndex = 0; path = OxfordLookupTests.xctest; sourceTree = BUILT_PRODUCTS_DIR; };
		6C0801CE3002C6750082F218 /* OxfordLookupUITests.xctest */ = {isa = PBXFileReference; explicitFileType = wrapper.cfbundle; includeInIndex = 0; path = OxfordLookupUITests.xctest; sourceTree = BUILT_PRODUCTS_DIR; };
		6C0801E53002D0D30082F218 /* OxFordLookupShare.appex */ = {isa = PBXFileReference; explicitFileType = "wrapper.app-extension"; includeInIndex = 0; path = OxFordLookupShare.appex; sourceTree = BUILT_PRODUCTS_DIR; };
		6C0801F93002E0000082F218 /* OxfordLookupURLBuilder.swift */ = {isa = PBXFileReference; lastKnownFileType = sourcecode.swift; path = OxfordLookupURLBuilder.swift; sourceTree = "<group>"; };
/* End PBXFileReference section */

/* Begin PBXFileSystemSynchronizedBuildFileExceptionSet section */
		6C0801F03002D0D40082F218 /* Exceptions for "OxFordLookupShare" folder in "OxFordLookupShare" target */ = {
			isa = PBXFileSystemSynchronizedBuildFileExceptionSet;
			membershipExceptions = (
				Info.plist,
			);
			target = 6C0801E43002D0D30082F218 /* OxFordLookupShare */;
		};
/* End PBXFileSystemSynchronizedBuildFileExceptionSet section */

/* Begin PBXFileSystemSynchronizedRootGroup section */
		6C0801B93002C6740082F218 /* OxfordLookup */ = {
			isa = PBXFileSystemSynchronizedRootGroup;
			path = OxfordLookup;
			sourceTree = "<group>";
		};
		6C0801C73002C6750082F218 /* OxfordLookupTests */ = {
			isa = PBXFileSystemSynchronizedRootGroup;
			path = OxfordLookupTests;
			sourceTree = "<group>";
		};
		6C0801D13002C6750082F218 /* OxfordLookupUITests */ = {
			isa = PBXFileSystemSynchronizedRootGroup;
			path = OxfordLookupUITests;
			sourceTree = "<group>";
		};
		6C0801E63002D0D30082F218 /* OxFordLookupShare */ = {
			isa = PBXFileSystemSynchronizedRootGroup;
			exceptions = (
				6C0801F03002D0D40082F218 /* Exceptions for "OxFordLookupShare" folder in "OxFordLookupShare" target */,
			);
			path = OxFordLookupShare;
			sourceTree = "<group>";
		};
/* End PBXFileSystemSynchronizedRootGroup section */

/* Begin PBXFrameworksBuildPhase section */
		6C0801B43002C6740082F218 /* Frameworks */ = {
			isa = PBXFrameworksBuildPhase;
			buildActionMask = 2147483647;
			files = (
			);
			runOnlyForDeploymentPostprocessing = 0;
		};
		6C0801C13002C6750082F218 /* Frameworks */ = {
			isa = PBXFrameworksBuildPhase;
			buildActionMask = 2147483647;
			files = (
			);
			runOnlyForDeploymentPostprocessing = 0;
		};
		6C0801CB3002C6750082F218 /* Frameworks */ = {
			isa = PBXFrameworksBuildPhase;
			buildActionMask = 2147483647;
			files = (
			);
			runOnlyForDeploymentPostprocessing = 0;
		};
		6C0801E23002D0D30082F218 /* Frameworks */ = {
			isa = PBXFrameworksBuildPhase;
			buildActionMask = 2147483647;
			files = (
			);
			runOnlyForDeploymentPostprocessing = 0;
		};
/* End PBXFrameworksBuildPhase section */

/* Begin PBXGroup section */
		6C0801F53002D7AA0082F218 /* OxfordLookupShared */ = {
			isa = PBXGroup;
			children = (
				6C0801F93002E0000082F218 /* OxfordLookupURLBuilder.swift */,
			);
			path = OxfordLookupShared;
			sourceTree = "<group>";
		};
		6C0801AE3002C6740082F218 = {
			isa = PBXGroup;
			children = (
				6C0801B93002C6740082F218 /* OxfordLookup */,
				6C0801F53002D7AA0082F218 /* OxfordLookupShared */,
				6C0801C73002C6750082F218 /* OxfordLookupTests */,
				6C0801D13002C6750082F218 /* OxfordLookupUITests */,
				6C0801E63002D0D30082F218 /* OxFordLookupShare */,
				6C0801B83002C6740082F218 /* Products */,
			);
			sourceTree = "<group>";
		};
		6C0801B83002C6740082F218 /* Products */ = {
			isa = PBXGroup;
			children = (
				6C0801B73002C6740082F218 /* OxfordLookup.app */,
				6C0801C43002C6750082F218 /* OxfordLookupTests.xctest */,
				6C0801CE3002C6750082F218 /* OxfordLookupUITests.xctest */,
				6C0801E53002D0D30082F218 /* OxFordLookupShare.appex */,
			);
			name = Products;
			sourceTree = "<group>";
		};
/* End PBXGroup section */

/* Begin PBXNativeTarget section */
		6C0801B63002C6740082F218 /* OxfordLookup */ = {
			isa = PBXNativeTarget;
			buildConfigurationList = 6C0801D83002C6750082F218 /* Build configuration list for PBXNativeTarget "OxfordLookup" */;
			buildPhases = (
				6C0801B33002C6740082F218 /* Sources */,
				6C0801B43002C6740082F218 /* Frameworks */,
				6C0801B53002C6740082F218 /* Resources */,
				6C0801F43002D0D40082F218 /* Embed Foundation Extensions */,
			);
			buildRules = (
			);
			dependencies = (
				6C0801EE3002D0D40082F218 /* PBXTargetDependency */,
			);
			fileSystemSynchronizedGroups = (
				6C0801B93002C6740082F218 /* OxfordLookup */,
			);
			name = OxfordLookup;
			packageProductDependencies = (
			);
			productName = OxfordLookup;
			productReference = 6C0801B73002C6740082F218 /* OxfordLookup.app */;
			productType = "com.apple.product-type.application";
		};
		6C0801C33002C6750082F218 /* OxfordLookupTests */ = {
			isa = PBXNativeTarget;
			buildConfigurationList = 6C0801DB3002C6750082F218 /* Build configuration list for PBXNativeTarget "OxfordLookupTests" */;
			buildPhases = (
				6C0801C03002C6750082F218 /* Sources */,
				6C0801C13002C6750082F218 /* Frameworks */,
				6C0801C23002C6750082F218 /* Resources */,
			);
			buildRules = (
			);
			dependencies = (
				6C0801C63002C6750082F218 /* PBXTargetDependency */,
			);
			fileSystemSynchronizedGroups = (
				6C0801C73002C6750082F218 /* OxfordLookupTests */,
			);
			name = OxfordLookupTests;
			packageProductDependencies = (
			);
			productName = OxfordLookupTests;
			productReference = 6C0801C43002C6750082F218 /* OxfordLookupTests.xctest */;
			productType = "com.apple.product-type.bundle.unit-test";
		};
		6C0801CD3002C6750082F218 /* OxfordLookupUITests */ = {
			isa = PBXNativeTarget;
			buildConfigurationList = 6C0801DE3002C6750082F218 /* Build configuration list for PBXNativeTarget "OxfordLookupUITests" */;
			buildPhases = (
				6C0801CA3002C6750082F218 /* Sources */,
				6C0801CB3002C6750082F218 /* Frameworks */,
				6C0801CC3002C6750082F218 /* Resources */,
			);
			buildRules = (
			);
			dependencies = (
				6C0801D03002C6750082F218 /* PBXTargetDependency */,
			);
			fileSystemSynchronizedGroups = (
				6C0801D13002C6750082F218 /* OxfordLookupUITests */,
			);
			name = OxfordLookupUITests;
			packageProductDependencies = (
			);
			productName = OxfordLookupUITests;
			productReference = 6C0801CE3002C6750082F218 /* OxfordLookupUITests.xctest */;
			productType = "com.apple.product-type.bundle.ui-testing";
		};
		6C0801E43002D0D30082F218 /* OxFordLookupShare */ = {
			isa = PBXNativeTarget;
			buildConfigurationList = 6C0801F13002D0D40082F218 /* Build configuration list for PBXNativeTarget "OxFordLookupShare" */;
			buildPhases = (
				6C0801E13002D0D30082F218 /* Sources */,
				6C0801E23002D0D30082F218 /* Frameworks */,
				6C0801E33002D0D30082F218 /* Resources */,
			);
			buildRules = (
			);
			dependencies = (
			);
			fileSystemSynchronizedGroups = (
				6C0801E63002D0D30082F218 /* OxFordLookupShare */,
			);
			name = OxFordLookupShare;
			packageProductDependencies = (
			);
			productName = OxFordLookupShare;
			productReference = 6C0801E53002D0D30082F218 /* OxFordLookupShare.appex */;
			productType = "com.apple.product-type.app-extension";
		};
/* End PBXNativeTarget section */

/* Begin PBXProject section */
		6C0801AF3002C6740082F218 /* Project object */ = {
			isa = PBXProject;
			attributes = {
				BuildIndependentTargetsInParallel = 1;
				LastSwiftUpdateCheck = 2660;
				LastUpgradeCheck = 2660;
				TargetAttributes = {
					6C0801B63002C6740082F218 = {
						CreatedOnToolsVersion = 26.6;
					};
					6C0801C33002C6750082F218 = {
						CreatedOnToolsVersion = 26.6;
						TestTargetID = 6C0801B63002C6740082F218;
					};
					6C0801CD3002C6750082F218 = {
						CreatedOnToolsVersion = 26.6;
						TestTargetID = 6C0801B63002C6740082F218;
					};
					6C0801E43002D0D30082F218 = {
						CreatedOnToolsVersion = 26.6;
					};
				};
			};
			buildConfigurationList = 6C0801B23002C6740082F218 /* Build configuration list for PBXProject "OxfordLookup" */;
			developmentRegion = en;
			hasScannedForEncodings = 0;
			knownRegions = (
				en,
				Base,
			);
			mainGroup = 6C0801AE3002C6740082F218;
			minimizedProjectReferenceProxies = 1;
			preferredProjectObjectVersion = 77;
			productRefGroup = 6C0801B83002C6740082F218 /* Products */;
			projectDirPath = "";
			projectRoot = "";
			targets = (
				6C0801B63002C6740082F218 /* OxfordLookup */,
				6C0801C33002C6750082F218 /* OxfordLookupTests */,
				6C0801CD3002C6750082F218 /* OxfordLookupUITests */,
				6C0801E43002D0D30082F218 /* OxFordLookupShare */,
			);
		};
/* End PBXProject section */

/* Begin PBXResourcesBuildPhase section */
		6C0801B53002C6740082F218 /* Resources */ = {
			isa = PBXResourcesBuildPhase;
			buildActionMask = 2147483647;
			files = (
			);
			runOnlyForDeploymentPostprocessing = 0;
		};
		6C0801C23002C6750082F218 /* Resources */ = {
			isa = PBXResourcesBuildPhase;
			buildActionMask = 2147483647;
			files = (
			);
			runOnlyForDeploymentPostprocessing = 0;
		};
		6C0801CC3002C6750082F218 /* Resources */ = {
			isa = PBXResourcesBuildPhase;
			buildActionMask = 2147483647;
			files = (
			);
			runOnlyForDeploymentPostprocessing = 0;
		};
		6C0801E33002D0D30082F218 /* Resources */ = {
			isa = PBXResourcesBuildPhase;
			buildActionMask = 2147483647;
			files = (
			);
			runOnlyForDeploymentPostprocessing = 0;
		};
/* End PBXResourcesBuildPhase section */

/* Begin PBXSourcesBuildPhase section */
		6C0801B33002C6740082F218 /* Sources */ = {
			isa = PBXSourcesBuildPhase;
			buildActionMask = 2147483647;
			files = (
				6C0801F63002E0000082F218 /* OxfordLookupURLBuilder.swift in Sources */,
			);
			runOnlyForDeploymentPostprocessing = 0;
		};
		6C0801C03002C6750082F218 /* Sources */ = {
			isa = PBXSourcesBuildPhase;
			buildActionMask = 2147483647;
			files = (
				6C0801F73002E0000082F218 /* OxfordLookupURLBuilder.swift in Sources */,
			);
			runOnlyForDeploymentPostprocessing = 0;
		};
		6C0801CA3002C6750082F218 /* Sources */ = {
			isa = PBXSourcesBuildPhase;
			buildActionMask = 2147483647;
			files = (
			);
			runOnlyForDeploymentPostprocessing = 0;
		};
		6C0801E13002D0D30082F218 /* Sources */ = {
			isa = PBXSourcesBuildPhase;
			buildActionMask = 2147483647;
			files = (
				6C0801F83002E0000082F218 /* OxfordLookupURLBuilder.swift in Sources */,
			);
			runOnlyForDeploymentPostprocessing = 0;
		};
/* End PBXSourcesBuildPhase section */

/* Begin PBXTargetDependency section */
		6C0801C63002C6750082F218 /* PBXTargetDependency */ = {
			isa = PBXTargetDependency;
			target = 6C0801B63002C6740082F218 /* OxfordLookup */;
			targetProxy = 6C0801C53002C6750082F218 /* PBXContainerItemProxy */;
		};
		6C0801D03002C6750082F218 /* PBXTargetDependency */ = {
			isa = PBXTargetDependency;
			target = 6C0801B63002C6740082F218 /* OxfordLookup */;
			targetProxy = 6C0801CF3002C6750082F218 /* PBXContainerItemProxy */;
		};
		6C0801EE3002D0D40082F218 /* PBXTargetDependency */ = {
			isa = PBXTargetDependency;
			platformFilter = ios;
			target = 6C0801E43002D0D30082F218 /* OxFordLookupShare */;
			targetProxy = 6C0801ED3002D0D40082F218 /* PBXContainerItemProxy */;
		};
/* End PBXTargetDependency section */

/* Begin XCBuildConfiguration section */
		6C0801D63002C6750082F218 /* Debug */ = {
			isa = XCBuildConfiguration;
			buildSettings = {
				ALWAYS_SEARCH_USER_PATHS = NO;
				ASSETCATALOG_COMPILER_GENERATE_SWIFT_ASSET_SYMBOL_EXTENSIONS = YES;
				CLANG_ANALYZER_NONNULL = YES;
				CLANG_ANALYZER_NUMBER_OBJECT_CONVERSION = YES_AGGRESSIVE;
				CLANG_CXX_LANGUAGE_STANDARD = "gnu++20";
				CLANG_ENABLE_MODULES = YES;
				CLANG_ENABLE_OBJC_ARC = YES;
				CLANG_ENABLE_OBJC_WEAK = YES;
				CLANG_WARN_BLOCK_CAPTURE_AUTORELEASING = YES;
				CLANG_WARN_BOOL_CONVERSION = YES;
				CLANG_WARN_COMMA = YES;
				CLANG_WARN_CONSTANT_CONVERSION = YES;
				CLANG_WARN_DEPRECATED_OBJC_IMPLEMENTATIONS = YES;
				CLANG_WARN_DIRECT_OBJC_ISA_USAGE = YES_ERROR;
				CLANG_WARN_DOCUMENTATION_COMMENTS = YES;
				CLANG_WARN_EMPTY_BODY = YES;
				CLANG_WARN_ENUM_CONVERSION = YES;
				CLANG_WARN_INFINITE_RECURSION = YES;
				CLANG_WARN_INT_CONVERSION = YES;
				CLANG_WARN_NON_LITERAL_NULL_CONVERSION = YES;
				CLANG_WARN_OBJC_IMPLICIT_RETAIN_SELF = YES;
				CLANG_WARN_OBJC_LITERAL_CONVERSION = YES;
				CLANG_WARN_OBJC_ROOT_CLASS = YES_ERROR;
				CLANG_WARN_QUOTED_INCLUDE_IN_FRAMEWORK_HEADER = YES;
				CLANG_WARN_RANGE_LOOP_ANALYSIS = YES;
				CLANG_WARN_STRICT_PROTOTYPES = YES;
				CLANG_WARN_SUSPICIOUS_MOVE = YES;
				CLANG_WARN_UNGUARDED_AVAILABILITY = YES_AGGRESSIVE;
				CLANG_WARN_UNREACHABLE_CODE = YES;
				CLANG_WARN__DUPLICATE_METHOD_MATCH = YES;
				COPY_PHASE_STRIP = NO;
				DEBUG_INFORMATION_FORMAT = dwarf;
				DEVELOPMENT_TEAM = 69RJGPUG4P;
				ENABLE_STRICT_OBJC_MSGSEND = YES;
				ENABLE_TESTABILITY = YES;
				ENABLE_USER_SCRIPT_SANDBOXING = YES;
				GCC_C_LANGUAGE_STANDARD = gnu17;
				GCC_DYNAMIC_NO_PIC = NO;
				GCC_NO_COMMON_BLOCKS = YES;
				GCC_OPTIMIZATION_LEVEL = 0;
				GCC_PREPROCESSOR_DEFINITIONS = (
					"DEBUG=1",
					"$(inherited)",
				);
				GCC_WARN_64_TO_32_BIT_CONVERSION = YES;
				GCC_WARN_ABOUT_RETURN_TYPE = YES_ERROR;
				GCC_WARN_UNDECLARED_SELECTOR = YES;
				GCC_WARN_UNINITIALIZED_AUTOS = YES_AGGRESSIVE;
				GCC_WARN_UNUSED_FUNCTION = YES;
				GCC_WARN_UNUSED_VARIABLE = YES;
				LOCALIZATION_PREFERS_STRING_CATALOGS = YES;
				MTL_ENABLE_DEBUG_INFO = INCLUDE_SOURCE;
				MTL_FAST_MATH = YES;
				ONLY_ACTIVE_ARCH = YES;
				SWIFT_ACTIVE_COMPILATION_CONDITIONS = "DEBUG $(inherited)";
				SWIFT_OPTIMIZATION_LEVEL = "-Onone";
			};
			name = Debug;
		};
		6C0801D73002C6750082F218 /* Release */ = {
			isa = XCBuildConfiguration;
			buildSettings = {
				ALWAYS_SEARCH_USER_PATHS = NO;
				ASSETCATALOG_COMPILER_GENERATE_SWIFT_ASSET_SYMBOL_EXTENSIONS = YES;
				CLANG_ANALYZER_NONNULL = YES;
				CLANG_ANALYZER_NUMBER_OBJECT_CONVERSION = YES_AGGRESSIVE;
				CLANG_CXX_LANGUAGE_STANDARD = "gnu++20";
				CLANG_ENABLE_MODULES = YES;
				CLANG_ENABLE_OBJC_ARC = YES;
				CLANG_ENABLE_OBJC_WEAK = YES;
				CLANG_WARN_BLOCK_CAPTURE_AUTORELEASING = YES;
				CLANG_WARN_BOOL_CONVERSION = YES;
				CLANG_WARN_COMMA = YES;
				CLANG_WARN_CONSTANT_CONVERSION = YES;
				CLANG_WARN_DEPRECATED_OBJC_IMPLEMENTATIONS = YES;
				CLANG_WARN_DIRECT_OBJC_ISA_USAGE = YES_ERROR;
				CLANG_WARN_DOCUMENTATION_COMMENTS = YES;
				CLANG_WARN_EMPTY_BODY = YES;
				CLANG_WARN_ENUM_CONVERSION = YES;
				CLANG_WARN_INFINITE_RECURSION = YES;
				CLANG_WARN_INT_CONVERSION = YES;
				CLANG_WARN_NON_LITERAL_NULL_CONVERSION = YES;
				CLANG_WARN_OBJC_IMPLICIT_RETAIN_SELF = YES;
				CLANG_WARN_OBJC_LITERAL_CONVERSION = YES;
				CLANG_WARN_OBJC_ROOT_CLASS = YES_ERROR;
				CLANG_WARN_QUOTED_INCLUDE_IN_FRAMEWORK_HEADER = YES;
				CLANG_WARN_RANGE_LOOP_ANALYSIS = YES;
				CLANG_WARN_STRICT_PROTOTYPES = YES;
				CLANG_WARN_SUSPICIOUS_MOVE = YES;
				CLANG_WARN_UNGUARDED_AVAILABILITY = YES_AGGRESSIVE;
				CLANG_WARN_UNREACHABLE_CODE = YES;
				CLANG_WARN__DUPLICATE_METHOD_MATCH = YES;
				COPY_PHASE_STRIP = NO;
				DEBUG_INFORMATION_FORMAT = "dwarf-with-dsym";
				DEVELOPMENT_TEAM = 69RJGPUG4P;
				ENABLE_NS_ASSERTIONS = NO;
				ENABLE_STRICT_OBJC_MSGSEND = YES;
				ENABLE_USER_SCRIPT_SANDBOXING = YES;
				GCC_C_LANGUAGE_STANDARD = gnu17;
				GCC_NO_COMMON_BLOCKS = YES;
				GCC_WARN_64_TO_32_BIT_CONVERSION = YES;
				GCC_WARN_ABOUT_RETURN_TYPE = YES_ERROR;
				GCC_WARN_UNDECLARED_SELECTOR = YES;
				GCC_WARN_UNINITIALIZED_AUTOS = YES_AGGRESSIVE;
				GCC_WARN_UNUSED_FUNCTION = YES;
				GCC_WARN_UNUSED_VARIABLE = YES;
				LOCALIZATION_PREFERS_STRING_CATALOGS = YES;
				MTL_ENABLE_DEBUG_INFO = NO;
				MTL_FAST_MATH = YES;
				SWIFT_COMPILATION_MODE = wholemodule;
			};
			name = Release;
		};
		6C0801D93002C6750082F218 /* Debug */ = {
			isa = XCBuildConfiguration;
			buildSettings = {
				ASSETCATALOG_COMPILER_APPICON_NAME = AppIcon;
				ASSETCATALOG_COMPILER_GLOBAL_ACCENT_COLOR_NAME = AccentColor;
				CODE_SIGN_STYLE = Automatic;
				CURRENT_PROJECT_VERSION = 1;
				DEVELOPMENT_TEAM = 69RJGPUG4P;
				ENABLE_APP_SANDBOX = YES;
				ENABLE_HARDENED_RUNTIME = YES;
				ENABLE_PREVIEWS = YES;
				ENABLE_USER_SELECTED_FILES = readonly;
				GENERATE_INFOPLIST_FILE = YES;
				"INFOPLIST_KEY_UIApplicationSceneManifest_Generation[sdk=iphoneos*]" = YES;
				"INFOPLIST_KEY_UIApplicationSceneManifest_Generation[sdk=iphonesimulator*]" = YES;
				"INFOPLIST_KEY_UIApplicationSupportsIndirectInputEvents[sdk=iphoneos*]" = YES;
				"INFOPLIST_KEY_UIApplicationSupportsIndirectInputEvents[sdk=iphonesimulator*]" = YES;
				"INFOPLIST_KEY_UILaunchScreen_Generation[sdk=iphoneos*]" = YES;
				"INFOPLIST_KEY_UILaunchScreen_Generation[sdk=iphonesimulator*]" = YES;
				"INFOPLIST_KEY_UIStatusBarStyle[sdk=iphoneos*]" = UIStatusBarStyleDefault;
				"INFOPLIST_KEY_UIStatusBarStyle[sdk=iphonesimulator*]" = UIStatusBarStyleDefault;
				INFOPLIST_KEY_UISupportedInterfaceOrientations_iPad = "UIInterfaceOrientationPortrait UIInterfaceOrientationPortraitUpsideDown UIInterfaceOrientationLandscapeLeft UIInterfaceOrientationLandscapeRight";
				INFOPLIST_KEY_UISupportedInterfaceOrientations_iPhone = "UIInterfaceOrientationPortrait UIInterfaceOrientationLandscapeLeft UIInterfaceOrientationLandscapeRight";
				IPHONEOS_DEPLOYMENT_TARGET = 26.5;
				LD_RUNPATH_SEARCH_PATHS = "@executable_path/Frameworks";
				"LD_RUNPATH_SEARCH_PATHS[sdk=macosx*]" = "@executable_path/../Frameworks";
				MACOSX_DEPLOYMENT_TARGET = 26.5;
				MARKETING_VERSION = 1.0;
				PRODUCT_BUNDLE_IDENTIFIER = com.xcodemma.OxfordLookup;
				PRODUCT_NAME = "$(TARGET_NAME)";
				REGISTER_APP_GROUPS = YES;
				SDKROOT = auto;
				STRING_CATALOG_GENERATE_SYMBOLS = YES;
				SUPPORTED_PLATFORMS = "iphoneos iphonesimulator macosx xros xrsimulator";
				SWIFT_APPROACHABLE_CONCURRENCY = YES;
				SWIFT_DEFAULT_ACTOR_ISOLATION = MainActor;
				SWIFT_EMIT_LOC_STRINGS = YES;
				SWIFT_UPCOMING_FEATURE_MEMBER_IMPORT_VISIBILITY = YES;
				SWIFT_VERSION = 5.0;
				TARGETED_DEVICE_FAMILY = "1,2,7";
				XROS_DEPLOYMENT_TARGET = 26.5;
			};
			name = Debug;
		};
		6C0801DA3002C6750082F218 /* Release */ = {
			isa = XCBuildConfiguration;
			buildSettings = {
				ASSETCATALOG_COMPILER_APPICON_NAME = AppIcon;
				ASSETCATALOG_COMPILER_GLOBAL_ACCENT_COLOR_NAME = AccentColor;
				CODE_SIGN_STYLE = Automatic;
				CURRENT_PROJECT_VERSION = 1;
				DEVELOPMENT_TEAM = 69RJGPUG4P;
				ENABLE_APP_SANDBOX = YES;
				ENABLE_HARDENED_RUNTIME = YES;
				ENABLE_PREVIEWS = YES;
				ENABLE_USER_SELECTED_FILES = readonly;
				GENERATE_INFOPLIST_FILE = YES;
				"INFOPLIST_KEY_UIApplicationSceneManifest_Generation[sdk=iphoneos*]" = YES;
				"INFOPLIST_KEY_UIApplicationSceneManifest_Generation[sdk=iphonesimulator*]" = YES;
				"INFOPLIST_KEY_UIApplicationSupportsIndirectInputEvents[sdk=iphoneos*]" = YES;
				"INFOPLIST_KEY_UIApplicationSupportsIndirectInputEvents[sdk=iphonesimulator*]" = YES;
				"INFOPLIST_KEY_UILaunchScreen_Generation[sdk=iphoneos*]" = YES;
				"INFOPLIST_KEY_UILaunchScreen_Generation[sdk=iphonesimulator*]" = YES;
				"INFOPLIST_KEY_UIStatusBarStyle[sdk=iphoneos*]" = UIStatusBarStyleDefault;
				"INFOPLIST_KEY_UIStatusBarStyle[sdk=iphonesimulator*]" = UIStatusBarStyleDefault;
				INFOPLIST_KEY_UISupportedInterfaceOrientations_iPad = "UIInterfaceOrientationPortrait UIInterfaceOrientationPortraitUpsideDown UIInterfaceOrientationLandscapeLeft UIInterfaceOrientationLandscapeRight";
				INFOPLIST_KEY_UISupportedInterfaceOrientations_iPhone = "UIInterfaceOrientationPortrait UIInterfaceOrientationLandscapeLeft UIInterfaceOrientationLandscapeRight";
				IPHONEOS_DEPLOYMENT_TARGET = 26.5;
				LD_RUNPATH_SEARCH_PATHS = "@executable_path/Frameworks";
				"LD_RUNPATH_SEARCH_PATHS[sdk=macosx*]" = "@executable_path/../Frameworks";
				MACOSX_DEPLOYMENT_TARGET = 26.5;
				MARKETING_VERSION = 1.0;
				PRODUCT_BUNDLE_IDENTIFIER = com.xcodemma.OxfordLookup;
				PRODUCT_NAME = "$(TARGET_NAME)";
				REGISTER_APP_GROUPS = YES;
				SDKROOT = auto;
				STRING_CATALOG_GENERATE_SYMBOLS = YES;
				SUPPORTED_PLATFORMS = "iphoneos iphonesimulator macosx xros xrsimulator";
				SWIFT_APPROACHABLE_CONCURRENCY = YES;
				SWIFT_DEFAULT_ACTOR_ISOLATION = MainActor;
				SWIFT_EMIT_LOC_STRINGS = YES;
				SWIFT_UPCOMING_FEATURE_MEMBER_IMPORT_VISIBILITY = YES;
				SWIFT_VERSION = 5.0;
				TARGETED_DEVICE_FAMILY = "1,2,7";
				XROS_DEPLOYMENT_TARGET = 26.5;
			};
			name = Release;
		};
		6C0801DC3002C6750082F218 /* Debug */ = {
			isa = XCBuildConfiguration;
			buildSettings = {
				BUNDLE_LOADER = "$(TEST_HOST)";
				CODE_SIGN_STYLE = Automatic;
				CURRENT_PROJECT_VERSION = 1;
				DEVELOPMENT_TEAM = 69RJGPUG4P;
				GENERATE_INFOPLIST_FILE = YES;
				IPHONEOS_DEPLOYMENT_TARGET = 26.5;
				MACOSX_DEPLOYMENT_TARGET = 26.5;
				MARKETING_VERSION = 1.0;
				PRODUCT_BUNDLE_IDENTIFIER = com.xcodemma.OxfordLookupTests;
				PRODUCT_NAME = "$(TARGET_NAME)";
				SDKROOT = auto;
				STRING_CATALOG_GENERATE_SYMBOLS = NO;
				SUPPORTED_PLATFORMS = "iphoneos iphonesimulator macosx xros xrsimulator";
				SWIFT_APPROACHABLE_CONCURRENCY = YES;
				SWIFT_EMIT_LOC_STRINGS = NO;
				SWIFT_UPCOMING_FEATURE_MEMBER_IMPORT_VISIBILITY = YES;
				SWIFT_VERSION = 5.0;
				TARGETED_DEVICE_FAMILY = "1,2,7";
				TEST_HOST = "$(BUILT_PRODUCTS_DIR)/OxfordLookup.app/$(BUNDLE_EXECUTABLE_FOLDER_PATH)/OxfordLookup";
				XROS_DEPLOYMENT_TARGET = 26.5;
			};
			name = Debug;
		};
		6C0801DD3002C6750082F218 /* Release */ = {
			isa = XCBuildConfiguration;
			buildSettings = {
				BUNDLE_LOADER = "$(TEST_HOST)";
				CODE_SIGN_STYLE = Automatic;
				CURRENT_PROJECT_VERSION = 1;
				DEVELOPMENT_TEAM = 69RJGPUG4P;
				GENERATE_INFOPLIST_FILE = YES;
				IPHONEOS_DEPLOYMENT_TARGET = 26.5;
				MACOSX_DEPLOYMENT_TARGET = 26.5;
				MARKETING_VERSION = 1.0;
				PRODUCT_BUNDLE_IDENTIFIER = com.xcodemma.OxfordLookupTests;
				PRODUCT_NAME = "$(TARGET_NAME)";
				SDKROOT = auto;
				STRING_CATALOG_GENERATE_SYMBOLS = NO;
				SUPPORTED_PLATFORMS = "iphoneos iphonesimulator macosx xros xrsimulator";
				SWIFT_APPROACHABLE_CONCURRENCY = YES;
				SWIFT_EMIT_LOC_STRINGS = NO;
				SWIFT_UPCOMING_FEATURE_MEMBER_IMPORT_VISIBILITY = YES;
				SWIFT_VERSION = 5.0;
				TARGETED_DEVICE_FAMILY = "1,2,7";
				TEST_HOST = "$(BUILT_PRODUCTS_DIR)/OxfordLookup.app/$(BUNDLE_EXECUTABLE_FOLDER_PATH)/OxfordLookup";
				XROS_DEPLOYMENT_TARGET = 26.5;
			};
			name = Release;
		};
		6C0801DF3002C6750082F218 /* Debug */ = {
			isa = XCBuildConfiguration;
			buildSettings = {
				CODE_SIGN_STYLE = Automatic;
				CURRENT_PROJECT_VERSION = 1;
				DEVELOPMENT_TEAM = 69RJGPUG4P;
				GENERATE_INFOPLIST_FILE = YES;
				IPHONEOS_DEPLOYMENT_TARGET = 26.5;
				MACOSX_DEPLOYMENT_TARGET = 26.5;
				MARKETING_VERSION = 1.0;
				PRODUCT_BUNDLE_IDENTIFIER = com.xcodemma.OxfordLookupUITests;
				PRODUCT_NAME = "$(TARGET_NAME)";
				SDKROOT = auto;
				STRING_CATALOG_GENERATE_SYMBOLS = NO;
				SUPPORTED_PLATFORMS = "iphoneos iphonesimulator macosx xros xrsimulator";
				SWIFT_APPROACHABLE_CONCURRENCY = YES;
				SWIFT_EMIT_LOC_STRINGS = NO;
				SWIFT_UPCOMING_FEATURE_MEMBER_IMPORT_VISIBILITY = YES;
				SWIFT_VERSION = 5.0;
				TARGETED_DEVICE_FAMILY = "1,2,7";
				TEST_TARGET_NAME = OxfordLookup;
				XROS_DEPLOYMENT_TARGET = 26.5;
			};
			name = Debug;
		};
		6C0801E03002C6750082F218 /* Release */ = {
			isa = XCBuildConfiguration;
			buildSettings = {
				CODE_SIGN_STYLE = Automatic;
				CURRENT_PROJECT_VERSION = 1;
				DEVELOPMENT_TEAM = 69RJGPUG4P;
				GENERATE_INFOPLIST_FILE = YES;
				IPHONEOS_DEPLOYMENT_TARGET = 26.5;
				MACOSX_DEPLOYMENT_TARGET = 26.5;
				MARKETING_VERSION = 1.0;
				PRODUCT_BUNDLE_IDENTIFIER = com.xcodemma.OxfordLookupUITests;
				PRODUCT_NAME = "$(TARGET_NAME)";
				SDKROOT = auto;
				STRING_CATALOG_GENERATE_SYMBOLS = NO;
				SUPPORTED_PLATFORMS = "iphoneos iphonesimulator macosx xros xrsimulator";
				SWIFT_APPROACHABLE_CONCURRENCY = YES;
				SWIFT_EMIT_LOC_STRINGS = NO;
				SWIFT_UPCOMING_FEATURE_MEMBER_IMPORT_VISIBILITY = YES;
				SWIFT_VERSION = 5.0;
				TARGETED_DEVICE_FAMILY = "1,2,7";
				TEST_TARGET_NAME = OxfordLookup;
				XROS_DEPLOYMENT_TARGET = 26.5;
			};
			name = Release;
		};
		6C0801F23002D0D40082F218 /* Debug */ = {
			isa = XCBuildConfiguration;
			buildSettings = {
				CODE_SIGN_STYLE = Automatic;
				CURRENT_PROJECT_VERSION = 1;
				DEVELOPMENT_TEAM = 69RJGPUG4P;
				GENERATE_INFOPLIST_FILE = YES;
				INFOPLIST_FILE = OxFordLookupShare/Info.plist;
				INFOPLIST_KEY_CFBundleDisplayName = OxFordLookupShare;
				INFOPLIST_KEY_NSHumanReadableCopyright = "";
				IPHONEOS_DEPLOYMENT_TARGET = 26.5;
				LD_RUNPATH_SEARCH_PATHS = (
					"$(inherited)",
					"@executable_path/Frameworks",
					"@executable_path/../../Frameworks",
				);
				MARKETING_VERSION = 1.0;
				PRODUCT_BUNDLE_IDENTIFIER = com.xcodemma.OxfordLookup.OxFordLookupShare;
				PRODUCT_NAME = "$(TARGET_NAME)";
				SDKROOT = iphoneos;
				SKIP_INSTALL = YES;
				STRING_CATALOG_GENERATE_SYMBOLS = YES;
				SWIFT_APPROACHABLE_CONCURRENCY = YES;
				SWIFT_EMIT_LOC_STRINGS = YES;
				SWIFT_UPCOMING_FEATURE_MEMBER_IMPORT_VISIBILITY = YES;
				SWIFT_VERSION = 5.0;
				TARGETED_DEVICE_FAMILY = "1,2";
			};
			name = Debug;
		};
		6C0801F33002D0D40082F218 /* Release */ = {
			isa = XCBuildConfiguration;
			buildSettings = {
				CODE_SIGN_STYLE = Automatic;
				CURRENT_PROJECT_VERSION = 1;
				DEVELOPMENT_TEAM = 69RJGPUG4P;
				GENERATE_INFOPLIST_FILE = YES;
				INFOPLIST_FILE = OxFordLookupShare/Info.plist;
				INFOPLIST_KEY_CFBundleDisplayName = OxFordLookupShare;
				INFOPLIST_KEY_NSHumanReadableCopyright = "";
				IPHONEOS_DEPLOYMENT_TARGET = 26.5;
				LD_RUNPATH_SEARCH_PATHS = (
					"$(inherited)",
					"@executable_path/Frameworks",
					"@executable_path/../../Frameworks",
				);
				MARKETING_VERSION = 1.0;
				PRODUCT_BUNDLE_IDENTIFIER = com.xcodemma.OxfordLookup.OxFordLookupShare;
				PRODUCT_NAME = "$(TARGET_NAME)";
				SDKROOT = iphoneos;
				SKIP_INSTALL = YES;
				STRING_CATALOG_GENERATE_SYMBOLS = YES;
				SWIFT_APPROACHABLE_CONCURRENCY = YES;
				SWIFT_EMIT_LOC_STRINGS = YES;
				SWIFT_UPCOMING_FEATURE_MEMBER_IMPORT_VISIBILITY = YES;
				SWIFT_VERSION = 5.0;
				TARGETED_DEVICE_FAMILY = "1,2";
				VALIDATE_PRODUCT = YES;
			};
			name = Release;
		};
/* End XCBuildConfiguration section */

/* Begin XCConfigurationList section */
		6C0801B23002C6740082F218 /* Build configuration list for PBXProject "OxfordLookup" */ = {
			isa = XCConfigurationList;
			buildConfigurations = (
				6C0801D63002C6750082F218 /* Debug */,
				6C0801D73002C6750082F218 /* Release */,
			);
			defaultConfigurationIsVisible = 0;
			defaultConfigurationName = Release;
		};
		6C0801D83002C6750082F218 /* Build configuration list for PBXNativeTarget "OxfordLookup" */ = {
			isa = XCConfigurationList;
			buildConfigurations = (
				6C0801D93002C6750082F218 /* Debug */,
				6C0801DA3002C6750082F218 /* Release */,
			);
			defaultConfigurationIsVisible = 0;
			defaultConfigurationName = Release;
		};
		6C0801DB3002C6750082F218 /* Build configuration list for PBXNativeTarget "OxfordLookupTests" */ = {
			isa = XCConfigurationList;
			buildConfigurations = (
				6C0801DC3002C6750082F218 /* Debug */,
				6C0801DD3002C6750082F218 /* Release */,
			);
			defaultConfigurationIsVisible = 0;
			defaultConfigurationName = Release;
		};
		6C0801DE3002C6750082F218 /* Build configuration list for PBXNativeTarget "OxfordLookupUITests" */ = {
			isa = XCConfigurationList;
			buildConfigurations = (
				6C0801DF3002C6750082F218 /* Debug */,
				6C0801E03002C6750082F218 /* Release */,
			);
			defaultConfigurationIsVisible = 0;
			defaultConfigurationName = Release;
		};
		6C0801F13002D0D40082F218 /* Build configuration list for PBXNativeTarget "OxFordLookupShare" */ = {
			isa = XCConfigurationList;
			buildConfigurations = (
				6C0801F23002D0D40082F218 /* Debug */,
				6C0801F33002D0D40082F218 /* Release */,
			);
			defaultConfigurationIsVisible = 0;
			defaultConfigurationName = Release;
		};
/* End XCConfigurationList section */
	};
	rootObject = 6C0801AF3002C6740082F218 /* Project object */;
}
